
Microsoft Visual Studio Solution File, Format Version 12.00
# Visual Studio Version 17
VisualStudioVersion = 17.8.34511.84
MinimumVisualStudioVersion = 10.0.40219.1
Project("{FAE04EC0-301F-11D3-BF4B-00C04F79EFBC}") = "Buscamninas", "Buscamninas.csproj", "{B1DF67B8-1249-48FB-8DCA-8C22F9C2E8B3}"
EndProject
Global
	GlobalSection(SolutionConfigurationPlatforms) = preSolution
		Debug|Any CPU = Debug|Any CPU
		Release|Any CPU = Release|Any CPU
	EndGlobalSection
	GlobalSection(ProjectConfigurationPlatforms) = postSolution
		{B1DF67B8-1249-48FB-8DCA-8C22F9C2E8B3}.Debug|Any CPU.ActiveCfg = Debug|Any CPU
		{B1DF67B8-1249-48FB-8DCA-8C22F9C2E8B3}.Debug|Any CPU.Build.0 = Debug|Any CPU
		{B1DF67B8-1249-48FB-8DCA-8C22F9C2E8B3}.Release|Any CPU.ActiveCfg = Release|Any CPU
		{B1DF67B8-1249-48FB-8DCA-8C22F9C2E8B3}.Release|Any CPU.Build.0 = Release|Any CPU
	EndGlobalSection
	GlobalSection(SolutionProperties) = preSolution
		HideSolutionNode = FALSE
	EndGlobalSection
	GlobalSection(ExtensibilityGlobals) = postSolution
		SolutionGuid = {F1347014-B3C7-4995-8BA1-3B89AB1B407D}
	EndGlobalSection
EndGlobal
